
Microsoft Visual Studio Solution File, Format Version 12.00
# Visual Studio Version 16
VisualStudioVersion = 16.0.30709.64
MinimumVisualStudioVersion = 15.0.26124.0
Project("{9A19103F-16F7-4668-BE54-9A1E7A4F7556}") = "Optimism", "Optimism\Optimism.csproj", "{6905C5CB-03DC-4D2F-8F28-619AF0DF8D8B}"
EndProject
Project("{9A19103F-16F7-4668-BE54-9A1E7A4F7556}") = "Optimism.Testing", "Optimism.Testing\Optimism.Testing.csproj", "{E3A67193-2876-4B26-AE9A-EE059B18FE15}"
EndProject
Global
	GlobalSection(SolutionConfigurationPlatforms) = preSolution
		Debug|Any CPU = Debug|Any CPU
		Debug|x64 = Debug|x64
		Debug|x86 = Debug|x86
		Release|Any CPU = Release|Any CPU
		Release|x64 = Release|x64
		Release|x86 = Release|x86
	EndGlobalSection
	GlobalSection(ProjectConfigurationPlatforms) = postSolution
		{6905C5CB-03DC-4D2F-8F28-619AF0DF8D8B}.Debug|Any CPU.ActiveCfg = Debug|Any CPU
		{6905C5CB-03DC-4D2F-8F28-619AF0DF8D8B}.Debug|Any CPU.Build.0 = Debug|Any CPU
		{6905C5CB-03DC-4D2F-8F28-619AF0DF8D8B}.Debug|x64.ActiveCfg = Debug|Any CPU
		{6905C5CB-03DC-4D2F-8F28-619AF0DF8D8B}.Debug|x64.Build.0 = Debug|Any CPU
		{6905C5CB-03DC-4D2F-8F28-619AF0DF8D8B}.Debug|x86.ActiveCfg = Debug|Any CPU
		{6905C5CB-03DC-4D2F-8F28-619AF0DF8D8B}.Debug|x86.Build.0 = Debug|Any CPU
		{6905C5CB-03DC-4D2F-8F28-619AF0DF8D8B}.Release|Any CPU.ActiveCfg = Release|Any CPU
		{6905C5CB-03DC-4D2F-8F28-619AF0DF8D8B}.Release|Any CPU.Build.0 = Release|Any CPU
		{6905C5CB-03DC-4D2F-8F28-619AF0DF8D8B}.Release|x64.ActiveCfg = Release|Any CPU
		{6905C5CB-03DC-4D2F-8F28-619AF0DF8D8B}.Release|x64.Build.0 = Release|Any CPU
		{6905C5CB-03DC-4D2F-8F28-619AF0DF8D8B}.Release|x86.ActiveCfg = Release|Any CPU
		{6905C5CB-03DC-4D2F-8F28-619AF0DF8D8B}.Release|x86.Build.0 = Release|Any CPU
		{E3A67193-2876-4B26-AE9A-EE059B18FE15}.Debug|Any CPU.ActiveCfg = Debug|Any CPU
		{E3A67193-2876-4B26-AE9A-EE059B18FE15}.Debug|Any CPU.Build.0 = Debug|Any CPU
		{E3A67193-2876-4B26-AE9A-EE059B18FE15}.Debug|x64.ActiveCfg = Debug|Any CPU
		{E3A67193-2876-4B26-AE9A-EE059B18FE15}.Debug|x64.Build.0 = Debug|Any CPU
		{E3A67193-2876-4B26-AE9A-EE059B18FE15}.Debug|x86.ActiveCfg = Debug|Any CPU
		{E3A67193-2876-4B26-AE9A-EE059B18FE15}.Debug|x86.Build.0 = Debug|Any CPU
		{E3A67193-2876-4B26-AE9A-EE059B18FE15}.Release|Any CPU.ActiveCfg = Release|Any CPU
		{E3A67193-2876-4B26-AE9A-EE059B18FE15}.Release|Any CPU.Build.0 = Release|Any CPU
		{E3A67193-2876-4B26-AE9A-EE059B18FE15}.Release|x64.ActiveCfg = Release|Any CPU
		{E3A67193-2876-4B26-AE9A-EE059B18FE15}.Release|x64.Build.0 = Release|Any CPU
		{E3A67193-2876-4B26-AE9A-EE059B18FE15}.Release|x86.ActiveCfg = Release|Any CPU
		{E3A67193-2876-4B26-AE9A-EE059B18FE15}.Release|x86.Build.0 = Release|Any CPU
	EndGlobalSection
	GlobalSection(SolutionProperties) = preSolution
		HideSolutionNode = FALSE
	EndGlobalSection
	GlobalSection(ExtensibilityGlobals) = postSolution
		SolutionGuid = {62FCF9C1-978D-4F01-9319-A9779250A0DB}
	EndGlobalSection
EndGlobal
